
Microsoft Visual Studio Solution File, Format Version 11.00
# Visual Studio 2010
Project("{8BC9CEB8-8B4A-11D0-8D11-00A0C91BC942}") = "12141680 자료구조론 HW2", "12141680 자료구조론 HW2\12141680 자료구조론 HW2.vcxproj", "{31AA60F8-5934-4EA1-9ACD-2BD4DEA33625}"
EndProject
Global
	GlobalSection(SolutionConfigurationPlatforms) = preSolution
		Debug|Win32 = Debug|Win32
		Release|Win32 = Release|Win32
	EndGlobalSection
	GlobalSection(ProjectConfigurationPlatforms) = postSolution
		{31AA60F8-5934-4EA1-9ACD-2BD4DEA33625}.Debug|Win32.ActiveCfg = Debug|Win32
		{31AA60F8-5934-4EA1-9ACD-2BD4DEA33625}.Debug|Win32.Build.0 = Debug|Win32
		{31AA60F8-5934-4EA1-9ACD-2BD4DEA33625}.Release|Win32.ActiveCfg = Release|Win32
		{31AA60F8-5934-4EA1-9ACD-2BD4DEA33625}.Release|Win32.Build.0 = Release|Win32
	EndGlobalSection
	GlobalSection(SolutionProperties) = preSolution
		HideSolutionNode = FALSE
	EndGlobalSection
EndGlobal
